
Microsoft Visual Studio Solution File, Format Version 12.00
# Visual Studio Version 17
VisualStudioVersion = 17.9.34714.143
MinimumVisualStudioVersion = 10.0.40219.1
Project("{FAE04EC0-301F-11D3-BF4B-00C04F79EFBC}") = "SeleniumWithCsharp", "SeleniumWithCsharp.csproj", "{D2D6BEFA-6AF4-4094-B4AD-3F4204F1AB3B}"
EndProject
Global
	GlobalSection(SolutionConfigurationPlatforms) = preSolution
		Debug|Any CPU = Debug|Any CPU
		Release|Any CPU = Release|Any CPU
	EndGlobalSection
	GlobalSection(ProjectConfigurationPlatforms) = postSolution
		{D2D6BEFA-6AF4-4094-B4AD-3F4204F1AB3B}.Debug|Any CPU.ActiveCfg = Debug|Any CPU
		{D2D6BEFA-6AF4-4094-B4AD-3F4204F1AB3B}.Debug|Any CPU.Build.0 = Debug|Any CPU
		{D2D6BEFA-6AF4-4094-B4AD-3F4204F1AB3B}.Release|Any CPU.ActiveCfg = Release|Any CPU
		{D2D6BEFA-6AF4-4094-B4AD-3F4204F1AB3B}.Release|Any CPU.Build.0 = Release|Any CPU
	EndGlobalSection
	GlobalSection(SolutionProperties) = preSolution
		HideSolutionNode = FALSE
	EndGlobalSection
	GlobalSection(ExtensibilityGlobals) = postSolution
		SolutionGuid = {A22D2A8B-B5C2-48BB-9AF5-DB501FF1AA54}
	EndGlobalSection
EndGlobal
